{
  "name": "csv",
  "version": "1.0.0",
  "lockfileVersion": 2,
  "requires": true,
  "packages": {
    "": {
      "name": "csv",
      "version": "1.0.0",
      "license": "ISC",
      "dependencies": {
        "convert-csv-to-json": "^1.3.3",
        "csv-reader": "^1.0.9"
      }
    },
    "node_modules/convert-csv-to-json": {
      "version": "1.3.3",
      "resolved": "https://registry.npmjs.org/convert-csv-to-json/-/convert-csv-to-json-1.3.3.tgz",
      "integrity": "sha512-lIQrCmEw0GCywtVWeJ/AGv5hhSTPsMFdqOf9GcMtActqO2Gt8z1RZgfw9NBOll479cIPM6BqDOFC8R3W7bSwtA=="
    },
    "node_modules/csv-reader": {
      "version": "1.0.9",
      "resolved": "https://registry.npmjs.org/csv-reader/-/csv-reader-1.0.9.tgz",
      "integrity": "sha512-fILL1fBNkCp6qWUHA7XTTgd3FBuNgCjP6Z3UUte16U90Giy22HuMyce9cQ99JuY+XiextK2tAhjhQNn/a7jK4A==",
      "engines": {
        "node": ">=8.0.0"
      }
    }
  },
  "dependencies": {
    "convert-csv-to-json": {
      "version": "1.3.3",
      "resolved": "https://registry.npmjs.org/convert-csv-to-json/-/convert-csv-to-json-1.3.3.tgz",
      "integrity": "sha512-lIQrCmEw0GCywtVWeJ/AGv5hhSTPsMFdqOf9GcMtActqO2Gt8z1RZgfw9NBOll479cIPM6BqDOFC8R3W7bSwtA=="
    },
    "csv-reader": {
      "version": "1.0.9",
      "resolved": "https://registry.npmjs.org/csv-reader/-/csv-reader-1.0.9.tgz",
      "integrity": "sha512-fILL1fBNkCp6qWUHA7XTTgd3FBuNgCjP6Z3UUte16U90Giy22HuMyce9cQ99JuY+XiextK2tAhjhQNn/a7jK4A=="
    }
  }
}
